{
  "version": 1,
  "dependencies": {
    "net10.0": {
      "FSharp.Analyzers.Build": {
        "type": "Direct",
        "requested": "[0.5.0, 0.5.0]",
        "resolved": "0.5.0",
        "contentHash": "KzsZeI3sMK36DloK3nKdHGb8RBeDqitxdqrWQV35DNsLAdx/a9OBFhHngTbnmY6F7Q+urcd/SQvbMcIqFPuD+A=="
      },
      "FSharp.Core": {
        "type": "Direct",
        "requested": "[10.1.203, )",
        "resolved": "10.1.203",
        "contentHash": "I2MFk72yHqfgI594gKFigq8PVIso0Mh1ZUgG9R4n8gyYQ4IwpBxmvecfjnKA7iMLdVHYULB70PsLwYW/K76gew=="
      },
      "Ionide.Analyzers": {
        "type": "Direct",
        "requested": "[0.16.0, 0.16.0]",
        "resolved": "0.16.0",
        "contentHash": "7yy9T/ffTaX6GJpfrItTWA/ogwpAt4/SKG58+mExZhkLi4xqLPjPKbPbuluEGcyknWGpjwPIC/ftLT+HU5mFMw=="
      },
      "ModelContextProtocol": {
        "type": "Direct",
        "requested": "[1.4.1, 1.4.1]",
        "resolved": "1.4.1",
        "contentHash": "mP5hvBpoWe5EbWBqHWD09A4Dy6Pq+/vV2dumOV4uegCZcg+yqf8q8wrxtuZ3EQyXEJn9jzsnoiI/qyfJAihlZQ==",
        "dependencies": {
          "ModelContextProtocol.Core": "1.4.1"
        }
      },
      "ModelContextProtocol.AspNetCore": {
        "type": "Direct",
        "requested": "[1.4.1, 1.4.1]",
        "resolved": "1.4.1",
        "contentHash": "AoI+00fRxb0GAMMabMUgpV5QhNoa/F7I9oiVGHfJKtBZ4g/DEyoDdTS9Rp/m4e3MnXhhvSBeu2wTafhesdf52w==",
        "dependencies": {
          "ModelContextProtocol": "1.4.1"
        }
      },
      "Microsoft.Extensions.AI.Abstractions": {
        "type": "Transitive",
        "resolved": "10.5.2",
        "contentHash": "Ei+YWV9Ybnps7pR1dgjlG29gelXEwZkhLVAcWmKe6HvXS6LNBYgSdWiY3Hk9OZXYtK34rv/NtLWBQYQGOBQYPQ=="
      },
      "Microsoft.Extensions.Hosting": {
        "type": "Transitive",
        "resolved": "10.0.7",
        "contentHash": "M/vBpfWcschvS2EUeq7cHfscsxabiGTptXwV7GeSueovGiSoNjyo1j5PMcWuOAAQrRW3nRqxZk8NeumrmpzUBg=="
      },
      "Microsoft.Extensions.Logging.Abstractions": {
        "type": "Transitive",
        "resolved": "10.0.7",
        "contentHash": "tIEcQ2gvERrH2KiCjdsVcHGhXt9lIsuDStfOIeZWr7/fP8IXhGiYfx0/80PNI7WPO2IYuFtlZLSlnTS8+/Mchw=="
      },
      "Microsoft.Extensions.Logging.Console": {
        "type": "Transitive",
        "resolved": "10.0.7",
        "contentHash": "DA++Es6v6W0HfrOrw+K8WyN6jNnZHp640PDdEvl8yfeVmgflKdn6vSSFvufNUSOuY+M2ZaSUgfY+jUKtNpXcCw=="
      },
      "ModelContextProtocol.Core": {
        "type": "Transitive",
        "resolved": "1.4.1",
        "contentHash": "G/hOBZkJsvF3MSy0sOvXdxca5uRe2Sb4xk7xRuTWNZI45khVBjOLo6nSzGilctIICavNVxbxUF908fLYI9RxkQ==",
        "dependencies": {
          "Microsoft.Extensions.AI.Abstractions": "10.5.2"
        }
      },
      "TypeShape": {
        "type": "Transitive",
        "resolved": "10.0.0",
        "contentHash": "sp/8J8jyB/Ns4HoC73f8BtsAJKw+OZ27D97VgQlBs1taMlzKplKuaxhQ6ErswDVUHej2WgIfm4wLWy/3wxYSFA==",
        "dependencies": {
          "FSharp.Core": "4.5.4"
        }
      },
      "fsmcp.core": {
        "type": "Project",
        "dependencies": {
          "FSharp.Core": "[10.1.203, )",
          "Microsoft.Extensions.Logging.Abstractions": "[10.0.7, 10.0.7]",
          "ModelContextProtocol": "[1.4.1, 1.4.1]"
        }
      },
      "fsmcp.server": {
        "type": "Project",
        "dependencies": {
          "FSharp.Core": "[10.1.203, )",
          "FsMcp.Core": "[2.0.0, )",
          "Microsoft.Extensions.Hosting": "[10.0.7, 10.0.7]",
          "Microsoft.Extensions.Logging.Console": "[10.0.7, 10.0.7]",
          "ModelContextProtocol": "[1.4.1, 1.4.1]",
          "TypeShape": "[10.0.0, )"
        }
      }
    }
  }
}